# careful-coder.lock
# Auto-generated by scripts/build.sh — do not edit by hand.
# version: 1

## Source file hashes (sha256)

6ab8ee8a6141ac2a7251f23a01d89a045cfc7b8279a32d7deae841973468a164  assets/notes-templates/_debate-log.md
3794830304ddd1b42c8c5742b1b933beadc4773cc95df5df3f9074535ef56f69  assets/notes-templates/project-context.md
b0cd942d8f865181eb6e6127e219d64f769b9c04578a1074bea82cbed4fa1321  assets/notes-templates/tech-decisions.md
d9fac45fb797d0635e0cfa4afc87f1cc4a83ac696ec57a046d05eb3b53a4a341  CHANGELOG.md
7b9c4a4d9037567a908c24aba2c5ef1af53343f5d3cea80a5072d475bb8f7ae1  LICENSE
81734c095c41241beb83f0e62ed2df4c064b49db5d97c370d6d096a28ad39c89  README.md
463f75cb3c945c067b512fa9de9e296a29d7f92949b43ad898d5643cf55d1ea8  references/anti-hack-patterns.md
1b8d003b69da7ff7fc0bdb850288bfb75b7635b0e4fa49be535393ecba1d788b  references/difficulty-criteria.md
daa323c13fb8161f08cdec68ef9f57e4800b2467e489a3905c5c0b72bb82b137  references/language-discipline.md
019a04e2bbcb675dc47aeeb7ae1de5635d901cb1277c729ba1bdc421fd5d7eaf  references/memory-protocol.md
e689a4444635f0cc5f011ae13de4c31aa7b51ccfb6f1aaf24ccc7c25fabd7b52  references/multi-agent-protocol.md
d4c7e8315ec419851139ce2327dd3f10eb20482d75a187fe4c2e062e8e0d0620  references/multilang-contract.md
4bb3e5b354c071c351216e2e59be0671b19378ca44f0aae664645a4e8f72810b  references/self-check-protocol.md
794db9f2bd05c874eb14361d9f561407ba9a238b242215fbb51f2121711b8b4f  scripts/build.sh
a74d419cfcb9502f3f97a20938b045540d1acfa83f72751f571acee0474de672  scripts/lint.py
d235804e381bdaab8fb47797a41c6820749954a4fd8817102218c07bbf0f9501  SKILL.md

## Bundle hash (sha256 of the .skill file)

5b24013628848bf8a3369655e300adee39b7c612991a91e3ecea0a37743667d8  careful-coder-v5.skill
