# careful-coder.lock
# Auto-generated by scripts/build.sh — do not edit by hand.
# version: 1

## Source file hashes (sha256)

6ab8ee8a6141ac2a7251f23a01d89a045cfc7b8279a32d7deae841973468a164  assets/notes-templates/_debate-log.md
3794830304ddd1b42c8c5742b1b933beadc4773cc95df5df3f9074535ef56f69  assets/notes-templates/project-context.md
b0cd942d8f865181eb6e6127e219d64f769b9c04578a1074bea82cbed4fa1321  assets/notes-templates/tech-decisions.md
af25e23f1c8427d6e9c1d2269d5a19e4f847383c25d0909e8bfae26af73dec60  CHANGELOG.md
7b9c4a4d9037567a908c24aba2c5ef1af53343f5d3cea80a5072d475bb8f7ae1  LICENSE
e619eafc61f80581ab7db09e17dbb5f4353272eadec2d87cf3ed3e38efc48d40  README.md
5af78a3f60e8dbcacbd3049503cdf08e666455ac93b1319477fa5e065f642430  references/anti-hack-patterns.md
063635c1e45de72ba2968ad753f84a06e4fdbbe50e0e0beb62388546ccba587b  references/difficulty-criteria.md
db06bee4e249569f58e3cee76550057a9827b2df8a9640bf3170a313d76c331b  references/language-discipline.md
8f438b668738ab2b49c0f3635ca8548df5a01f4cbdb0d44f400518c02e06cd3b  references/memory-protocol.md
d2c240cfe787a5d3962a690e080f09337722691405b82dfc2a16ea2bc5441d80  references/multi-agent-protocol.md
dd39d45e17305083ff0634361ac236fab48a48905d174b0728a5c620c94acb76  references/multilang-contract.md
fa449a8662a5be3c3f050aad6c03adabda3494fdd01b6a83b3f1aab8b877b58a  references/self-check-protocol.md
794db9f2bd05c874eb14361d9f561407ba9a238b242215fbb51f2121711b8b4f  scripts/build.sh
6a27cd6dcf57564544150ee6a2d1372d986168b44d2333bca556def152d5d90a  scripts/lint.py
c72bf48ebfa95798c3c0cfda0a4e0297038162eeb78b507ec099924e5509de01  scripts/release.sh
2295d237df9189a09ad02195470dc2c44218b41e2254043fffd3d7b9f823a88b  SKILL.md

## Bundle hash (sha256 of the .skill file)

a0a78a8621719e507bac5af07500f67e078e685b343e54f96342163b876a1176  careful-coder-v5.skill
